
Microsoft Visual Studio Solution File, Format Version 12.00
# Visual Studio Version 17
VisualStudioVersion = 17.9.34714.143
MinimumVisualStudioVersion = 10.0.40219.1
Project("{2150E333-8FDC-42A3-9474-1A3956D46DE8}") = "src", "src", "{BD07BADB-C674-497E-B2E0-DD9AC21671FD}"
EndProject
Project("{2150E333-8FDC-42A3-9474-1A3956D46DE8}") = "tests", "tests", "{71A88B54-51D3-4874-B7DE-7C0BA0E6EFC7}"
EndProject
Project("{9A19103F-16F7-4668-BE54-9A1E7A4F7556}") = "Abs.Domain", "src\Abs.Domain\Abs.Domain.csproj", "{F89DAA57-F854-4C71-AD10-9E9903C5F0E5}"
EndProject
Project("{9A19103F-16F7-4668-BE54-9A1E7A4F7556}") = "Abs.Application", "Abs.Application\Abs.Application.csproj", "{A4F8A1F7-77C1-4B6B-8325-E3026410C264}"
EndProject
Project("{9A19103F-16F7-4668-BE54-9A1E7A4F7556}") = "Abs.Infrastructure", "Abs.Infrastructure\Abs.Infrastructure.csproj", "{A256A95A-867E-4D37-A6C1-494FD6DCF75E}"
EndProject
Project("{FAE04EC0-301F-11D3-BF4B-00C04F79EFBC}") = "Abs.Api", "src\Abs.Api\Abs.Api.csproj", "{4A37F441-9783-48E6-8038-61C782B546FE}"
EndProject
Project("{E53339B2-1760-4266-BCC7-CA923CBCF16C}") = "docker-compose", "docker-compose.dcproj", "{F5597A8A-39CC-487B-A598-BF105DA004D7}"
EndProject
Global
	GlobalSection(SolutionConfigurationPlatforms) = preSolution
		Debug|Any CPU = Debug|Any CPU
		Release|Any CPU = Release|Any CPU
	EndGlobalSection
	GlobalSection(ProjectConfigurationPlatforms) = postSolution
		{F89DAA57-F854-4C71-AD10-9E9903C5F0E5}.Debug|Any CPU.ActiveCfg = Debug|Any CPU
		{F89DAA57-F854-4C71-AD10-9E9903C5F0E5}.Debug|Any CPU.Build.0 = Debug|Any CPU
		{F89DAA57-F854-4C71-AD10-9E9903C5F0E5}.Release|Any CPU.ActiveCfg = Release|Any CPU
		{F89DAA57-F854-4C71-AD10-9E9903C5F0E5}.Release|Any CPU.Build.0 = Release|Any CPU
		{A4F8A1F7-77C1-4B6B-8325-E3026410C264}.Debug|Any CPU.ActiveCfg = Debug|Any CPU
		{A4F8A1F7-77C1-4B6B-8325-E3026410C264}.Debug|Any CPU.Build.0 = Debug|Any CPU
		{A4F8A1F7-77C1-4B6B-8325-E3026410C264}.Release|Any CPU.ActiveCfg = Release|Any CPU
		{A4F8A1F7-77C1-4B6B-8325-E3026410C264}.Release|Any CPU.Build.0 = Release|Any CPU
		{A256A95A-867E-4D37-A6C1-494FD6DCF75E}.Debug|Any CPU.ActiveCfg = Debug|Any CPU
		{A256A95A-867E-4D37-A6C1-494FD6DCF75E}.Debug|Any CPU.Build.0 = Debug|Any CPU
		{A256A95A-867E-4D37-A6C1-494FD6DCF75E}.Release|Any CPU.ActiveCfg = Release|Any CPU
		{A256A95A-867E-4D37-A6C1-494FD6DCF75E}.Release|Any CPU.Build.0 = Release|Any CPU
		{4A37F441-9783-48E6-8038-61C782B546FE}.Debug|Any CPU.ActiveCfg = Debug|Any CPU
		{4A37F441-9783-48E6-8038-61C782B546FE}.Debug|Any CPU.Build.0 = Debug|Any CPU
		{4A37F441-9783-48E6-8038-61C782B546FE}.Release|Any CPU.ActiveCfg = Release|Any CPU
		{4A37F441-9783-48E6-8038-61C782B546FE}.Release|Any CPU.Build.0 = Release|Any CPU
		{F5597A8A-39CC-487B-A598-BF105DA004D7}.Debug|Any CPU.ActiveCfg = Debug|Any CPU
		{F5597A8A-39CC-487B-A598-BF105DA004D7}.Debug|Any CPU.Build.0 = Debug|Any CPU
		{F5597A8A-39CC-487B-A598-BF105DA004D7}.Release|Any CPU.ActiveCfg = Release|Any CPU
		{F5597A8A-39CC-487B-A598-BF105DA004D7}.Release|Any CPU.Build.0 = Release|Any CPU
	EndGlobalSection
	GlobalSection(SolutionProperties) = preSolution
		HideSolutionNode = FALSE
	EndGlobalSection
	GlobalSection(NestedProjects) = preSolution
		{F89DAA57-F854-4C71-AD10-9E9903C5F0E5} = {BD07BADB-C674-497E-B2E0-DD9AC21671FD}
		{A4F8A1F7-77C1-4B6B-8325-E3026410C264} = {BD07BADB-C674-497E-B2E0-DD9AC21671FD}
		{A256A95A-867E-4D37-A6C1-494FD6DCF75E} = {BD07BADB-C674-497E-B2E0-DD9AC21671FD}
		{4A37F441-9783-48E6-8038-61C782B546FE} = {BD07BADB-C674-497E-B2E0-DD9AC21671FD}
	EndGlobalSection
	GlobalSection(ExtensibilityGlobals) = postSolution
		SolutionGuid = {74C05E11-EEAC-4657-9083-884E4D762742}
	EndGlobalSection
EndGlobal
